// !$*UTF8*$!
{
	archiveVersion = 1;
	classes = {
	};
	objectVersion = 46;
	objects = {

/* Begin PBXBuildFile section */
		022085801E07B1A5009CDDCF /* RemoteCapture.xib in Resources */ = {isa = PBXBuildFile; fileRef = 0220857F1E07B1A5009CDDCF /* RemoteCapture.xib */; };
		0241DBF91DD3F4460098EF89 /* EvfAfModePopUp.swift in Sources */ = {isa = PBXBuildFile; fileRef = 0241DBF81DD3F4460098EF89 /* EvfAfModePopUp.swift */; };
		0241DBFB1DD413F40098EF89 /* BatteryLevelLabel.swift in Sources */ = {isa = PBXBuildFile; fileRef = 0241DBFA1DD413F40098EF89 /* BatteryLevelLabel.swift */; };
		0241DBFD1DD414340098EF89 /* AvailableShotsLabel.swift in Sources */ = {isa = PBXBuildFile; fileRef = 0241DBFC1DD414340098EF89 /* AvailableShotsLabel.swift */; };
		0241DC031DD432760098EF89 /* DriveModePopUp.swift in Sources */ = {isa = PBXBuildFile; fileRef = 0241DC021DD432760098EF89 /* DriveModePopUp.swift */; };
		0241DC051DD445450098EF89 /* WhiteBalancePopUp.swift in Sources */ = {isa = PBXBuildFile; fileRef = 0241DC041DD445450098EF89 /* WhiteBalancePopUp.swift */; };
		0241DC081DD45FF90098EF89 /* CameraSetting.xib in Resources */ = {isa = PBXBuildFile; fileRef = 0241DC061DD45FF90098EF89 /* CameraSetting.xib */; };
		0241DC091DD45FF90098EF89 /* CameraSetting.swift in Sources */ = {isa = PBXBuildFile; fileRef = 0241DC071DD45FF90098EF89 /* CameraSetting.swift */; };
		024358D91DDBE9470033429D /* CloseSessionCommand.swift in Sources */ = {isa = PBXBuildFile; fileRef = 024358D81DDBE9470033429D /* CloseSessionCommand.swift */; };
		024409161DD0184600EEFFC0 /* DownloadAllFilesCommand.swift in Sources */ = {isa = PBXBuildFile; fileRef = 024409151DD0184600EEFFC0 /* DownloadAllFilesCommand.swift */; };
		024409181DD01E5B00EEFFC0 /* Progress.swift in Sources */ = {isa = PBXBuildFile; fileRef = 024409171DD01E5B00EEFFC0 /* Progress.swift */; };
		024418BA1DC96DD50036A98B /* GetPropertyDescCommand.swift in Sources */ = {isa = PBXBuildFile; fileRef = 024418B91DC96DD50036A98B /* GetPropertyDescCommand.swift */; };
		02458BA41DC1BF8D000FE573 /* EvfImageView.swift in Sources */ = {isa = PBXBuildFile; fileRef = 02458BA31DC1BF8D000FE573 /* EvfImageView.swift */; };
		02474ADC1DD2ED5100D41326 /* SetPropertyCommand.swift in Sources */ = {isa = PBXBuildFile; fileRef = 02474ADB1DD2ED5100D41326 /* SetPropertyCommand.swift */; };
		024797431DC82AE20029B226 /* GetPropertyCommand.swift in Sources */ = {isa = PBXBuildFile; fileRef = 024797421DC82AE20029B226 /* GetPropertyCommand.swift */; };
		024797451DC835F90029B226 /* ActionEvent.swift in Sources */ = {isa = PBXBuildFile; fileRef = 024797441DC835F90029B226 /* ActionEvent.swift */; };
		025048001DC2C9E600E9C855 /* StartEvfCommand.swift in Sources */ = {isa = PBXBuildFile; fileRef = 025047FF1DC2C9E600E9C855 /* StartEvfCommand.swift */; };
		025048021DC2CA6200E9C855 /* EndEvfCommand.swift in Sources */ = {isa = PBXBuildFile; fileRef = 025048011DC2CA6200E9C855 /* EndEvfCommand.swift */; };
		025048041DC2D6AC00E9C855 /* DownloadEvfCommand.swift in Sources */ = {isa = PBXBuildFile; fileRef = 025048031DC2D6AC00E9C855 /* DownloadEvfCommand.swift */; };
		025048061DC2DBB800E9C855 /* CameraEvfData.swift in Sources */ = {isa = PBXBuildFile; fileRef = 025048051DC2DBB800E9C855 /* CameraEvfData.swift */; };
		025048081DC32F4900E9C855 /* PressShutterCommand.swift in Sources */ = {isa = PBXBuildFile; fileRef = 025048071DC32F4900E9C855 /* PressShutterCommand.swift */; };
		0250480A1DC334A800E9C855 /* CameraEvent.swift in Sources */ = {isa = PBXBuildFile; fileRef = 025048091DC334A800E9C855 /* CameraEvent.swift */; };
		0255D74D1DD15291005136A0 /* AvPopUp.swift in Sources */ = {isa = PBXBuildFile; fileRef = 0255D74C1DD15291005136A0 /* AvPopUp.swift */; };
		0255D74F1DD155FF005136A0 /* IsoPopUp.swift in Sources */ = {isa = PBXBuildFile; fileRef = 0255D74E1DD155FF005136A0 /* IsoPopUp.swift */; };
		0255D7511DD158B6005136A0 /* MeteringPopUp.swift in Sources */ = {isa = PBXBuildFile; fileRef = 0255D7501DD158B6005136A0 /* MeteringPopUp.swift */; };
		0255D7531DD15A8F005136A0 /* ExposureCompPopUp.swift in Sources */ = {isa = PBXBuildFile; fileRef = 0255D7521DD15A8F005136A0 /* ExposureCompPopUp.swift */; };
		0255D7551DD15C5D005136A0 /* ImageQualityPopUp.swift in Sources */ = {isa = PBXBuildFile; fileRef = 0255D7541DD15C5D005136A0 /* ImageQualityPopUp.swift */; };
		025BFFF01DCC4E01001E533A /* AeModePopUp.swift in Sources */ = {isa = PBXBuildFile; fileRef = 025BFFEF1DCC4E01001E533A /* AeModePopUp.swift */; };
		025BFFF21DCC4EC0001E533A /* PropertyPopUp.swift in Sources */ = {isa = PBXBuildFile; fileRef = 025BFFF11DCC4EC0001E533A /* PropertyPopUp.swift */; };
		025BFFF41DCC5A43001E533A /* DownloadCommand.swift in Sources */ = {isa = PBXBuildFile; fileRef = 025BFFF31DCC5A43001E533A /* DownloadCommand.swift */; };
		027594611DD05EB30013B968 /* TvPopUp.swift in Sources */ = {isa = PBXBuildFile; fileRef = 027594601DD05EB30013B968 /* TvPopUp.swift */; };
		027D8F891DF4FAF900341B21 /* ZoomSlider.swift in Sources */ = {isa = PBXBuildFile; fileRef = 027D8F881DF4FAF900341B21 /* ZoomSlider.swift */; };
		02963FDB1E08C799003BF7BA /* ActionSource.swift in Sources */ = {isa = PBXBuildFile; fileRef = 02963FDA1E08C799003BF7BA /* ActionSource.swift */; };
		02963FDD1E090050003BF7BA /* ActionListener.swift in Sources */ = {isa = PBXBuildFile; fileRef = 02963FDC1E090050003BF7BA /* ActionListener.swift */; };
		02963FDF1E0905CF003BF7BA /* ActionButton.swift in Sources */ = {isa = PBXBuildFile; fileRef = 02963FDE1E0905CF003BF7BA /* ActionButton.swift */; };
		02B6398D1E022DAA00E14F25 /* DriveLensEvfCommand.swift in Sources */ = {isa = PBXBuildFile; fileRef = 02B6398C1E022DAA00E14F25 /* DriveLensEvfCommand.swift */; };
		02D7E9F11E0A69E300D040C9 /* InfoLabel.swift in Sources */ = {isa = PBXBuildFile; fileRef = 02D7E9F01E0A69E300D040C9 /* InfoLabel.swift */; };
		02DA42AD1DF8E61500F1C491 /* FlashModePopUp.swift in Sources */ = {isa = PBXBuildFile; fileRef = 02DA42AC1DF8E61500F1C491 /* FlashModePopUp.swift */; };
		02E8A7A81DED345700A68AAC /* MainWindow.xib in Resources */ = {isa = PBXBuildFile; fileRef = 02E8A7A71DED345700A68AAC /* MainWindow.xib */; };
		02E8A7AA1DED34D300A68AAC /* MainWindow.swift in Sources */ = {isa = PBXBuildFile; fileRef = 02E8A7A91DED34D300A68AAC /* MainWindow.swift */; };
		0C4AF06E1F4D450800CD56DF /* DoEvfAFCommand.swift in Sources */ = {isa = PBXBuildFile; fileRef = 0C4AF06D1F4D450800CD56DF /* DoEvfAFCommand.swift */; };
		8D141BA81DB62847008489DF /* AppDelegate.swift in Sources */ = {isa = PBXBuildFile; fileRef = 8D141BA71DB62847008489DF /* AppDelegate.swift */; };
		8D141BAA1DB62847008489DF /* Assets.xcassets in Resources */ = {isa = PBXBuildFile; fileRef = 8D141BA91DB62847008489DF /* Assets.xcassets */; };
		8D141BAD1DB62847008489DF /* MainMenu.xib in Resources */ = {isa = PBXBuildFile; fileRef = 8D141BAB1DB62847008489DF /* MainMenu.xib */; };
		8D141BBC1DB63074008489DF /* CameraEventListener.swift in Sources */ = {isa = PBXBuildFile; fileRef = 8D141BBB1DB63074008489DF /* CameraEventListener.swift */; };
		8D2061BA1DB9D82F00C267BB /* CommandProcessor.swift in Sources */ = {isa = PBXBuildFile; fileRef = 8D2061B91DB9D82F00C267BB /* CommandProcessor.swift */; };
		8D2061BC1DB9DF9900C267BB /* Command.swift in Sources */ = {isa = PBXBuildFile; fileRef = 8D2061BB1DB9DF9900C267BB /* Command.swift */; };
		8D2061BE1DB9DFE600C267BB /* OpenSessionCommand.swift in Sources */ = {isa = PBXBuildFile; fileRef = 8D2061BD1DB9DFE600C267BB /* OpenSessionCommand.swift */; };
		8D2061C01DB9E17600C267BB /* CameraModel.swift in Sources */ = {isa = PBXBuildFile; fileRef = 8D2061BF1DB9E17600C267BB /* CameraModel.swift */; };
		8D2061C21DB9E7A100C267BB /* CameraController.swift in Sources */ = {isa = PBXBuildFile; fileRef = 8D2061C11DB9E7A100C267BB /* CameraController.swift */; };
		8D2061C41DBA271B00C267BB /* TakePictureCommand.swift in Sources */ = {isa = PBXBuildFile; fileRef = 8D2061C31DBA271B00C267BB /* TakePictureCommand.swift */; };
		8D40BA7F1DC9DE6000284FA0 /* Progress.xib in Resources */ = {isa = PBXBuildFile; fileRef = 8D40BA7E1DC9DE6000284FA0 /* Progress.xib */; };
		8D7F44961E446140003BCEC3 /* FormatVolumeCommand.swift in Sources */ = {isa = PBXBuildFile; fileRef = 8D7F44951E446140003BCEC3 /* FormatVolumeCommand.swift */; };
		8D8AE7731DE81EE3002AE0A8 /* DeleteAllFilesCommand.swift in Sources */ = {isa = PBXBuildFile; fileRef = 8D8AE7721DE81EE3002AE0A8 /* DeleteAllFilesCommand.swift */; };
		8DBF9F741DBEFBEE0008E4E2 /* RemoteCapture.swift in Sources */ = {isa = PBXBuildFile; fileRef = 8DBF9F731DBEFBEE0008E4E2 /* RemoteCapture.swift */; };
		8DFFAAF31E2EFCC900022258 /* FileCounterCommand.swift in Sources */ = {isa = PBXBuildFile; fileRef = 8DFFAAF21E2EFCC900022258 /* FileCounterCommand.swift */; };
		AD51130D257998050017FB68 /* AspectPopUp.swift in Sources */ = {isa = PBXBuildFile; fileRef = AD51130C257998050017FB68 /* AspectPopUp.swift */; };
		ADAB3D2F25B0ECE60006E82F /* ClickAFCommand.swift in Sources */ = {isa = PBXBuildFile; fileRef = ADAB3D2E25B0ECE60006E82F /* ClickAFCommand.swift */; };
		ADFB66E8254BC9F30036AE36 /* PictureStylePopUp.swift in Sources */ = {isa = PBXBuildFile; fileRef = ADFB66E7254BC9F30036AE36 /* PictureStylePopUp.swift */; };
		BB2B447A210EED30001274F9 /* AfModePopUp.swift in Sources */ = {isa = PBXBuildFile; fileRef = BB2B4479210EED30001274F9 /* AfModePopUp.swift */; };
		BB603BFB1FDF644D00258418 /* EDSDK.framework in Frameworks */ = {isa = PBXBuildFile; fileRef = BB603BFA1FDF644D00258418 /* EDSDK.framework */; };
		BB603BFC1FDF644D00258418 /* EDSDK.framework in Embed Frameworks */ = {isa = PBXBuildFile; fileRef = BB603BFA1FDF644D00258418 /* EDSDK.framework */; settings = {ATTRIBUTES = (CodeSignOnCopy, RemoveHeadersOnCopy, ); }; };
		BB710FD220F4425100C8B548 /* SetRemoteShootingCommand.swift in Sources */ = {isa = PBXBuildFile; fileRef = BB710FD120F4425100C8B548 /* SetRemoteShootingCommand.swift */; };
		BBA9C5FC20CE1429003CD910 /* ProgressBar.swift in Sources */ = {isa = PBXBuildFile; fileRef = BBA9C5FB20CE1429003CD910 /* ProgressBar.swift */; };
		BBA9C5FE20CE1789003CD910 /* DownloadProgressBar.swift in Sources */ = {isa = PBXBuildFile; fileRef = BBA9C5FD20CE1789003CD910 /* DownloadProgressBar.swift */; };
		D59E124727312A9A0044B387 /* RemoteCapture.xib in Resources */ = {isa = PBXBuildFile; fileRef = D59E124627312A9A0044B387 /* RemoteCapture.xib */; };
		D59E124927312B550044B387 /* RemoteCapture.xib in Resources */ = {isa = PBXBuildFile; fileRef = D59E124827312B550044B387 /* RemoteCapture.xib */; };
		D5DC9FCF27437AAE00567B1E /* MovieHFRPopUp.swift in Sources */ = {isa = PBXBuildFile; fileRef = D5DC9FCE27437AAE00567B1E /* MovieHFRPopUp.swift */; };
		E1283DB52357025A003634C5 /* SwitchMirrorUpCommand.swift in Sources */ = {isa = PBXBuildFile; fileRef = E1283DB42357025A003634C5 /* SwitchMirrorUpCommand.swift */; };
		E12CED19234EBF370035078B /* MovieQualityPopUp.swift in Sources */ = {isa = PBXBuildFile; fileRef = E12CED18234EBF370035078B /* MovieQualityPopUp.swift */; };
		E12CED1B234F03620035078B /* ClickWBCommand.swift in Sources */ = {isa = PBXBuildFile; fileRef = E12CED1A234F03620035078B /* ClickWBCommand.swift */; };
		E12DC1E2234C6F2C00370902 /* ActionRadioButton.swift in Sources */ = {isa = PBXBuildFile; fileRef = E12DC1E1234C6F2C00370902 /* ActionRadioButton.swift */; };
		E12DC1E4234C812100370902 /* SwitchStillMovieCommand.swift in Sources */ = {isa = PBXBuildFile; fileRef = E12DC1E3234C812100370902 /* SwitchStillMovieCommand.swift */; };
		E12DC1E6234C81D300370902 /* SetRecCommand.swift in Sources */ = {isa = PBXBuildFile; fileRef = E12DC1E5234C81D300370902 /* SetRecCommand.swift */; };
		E12EB7A9235833DE009165A0 /* DateTimeZoneSetting.xib in Resources */ = {isa = PBXBuildFile; fileRef = E12EB7A8235833DE009165A0 /* DateTimeZoneSetting.xib */; };
		E12EB7AB2358342C009165A0 /* DateTimeZoneSetting.swift in Sources */ = {isa = PBXBuildFile; fileRef = E12EB7AA2358342C009165A0 /* DateTimeZoneSetting.swift */; };
		E1335429234AC98400C4C480 /* TempStatusLabel.swift in Sources */ = {isa = PBXBuildFile; fileRef = E1335428234AC98400C4C480 /* TempStatusLabel.swift */; };
		E133542B234AF4F300C4C480 /* SetRollPitchCommand.swift in Sources */ = {isa = PBXBuildFile; fileRef = E133542A234AF4F300C4C480 /* SetRollPitchCommand.swift */; };
		E88874122716D2E400E8E892 /* CameraControl in Resources */ = {isa = PBXBuildFile; fileRef = E88874112716D2E400E8E892 /* CameraControl */; };
		E88874162716D40500E8E892 /* RecordFuncCardSetting.swift in Sources */ = {isa = PBXBuildFile; fileRef = E88874152716D40500E8E892 /* RecordFuncCardSetting.swift */; };
		E888741A2716E7AF00E8E892 /* RecordFuncCardSetting.xib in Resources */ = {isa = PBXBuildFile; fileRef = E88874192716E7AF00E8E892 /* RecordFuncCardSetting.xib */; };
/* End PBXBuildFile section */

/* Begin PBXCopyFilesBuildPhase section */
		8D5325AB1E30780B00B641C9 /* Embed Frameworks */ = {
			isa = PBXCopyFilesBuildPhase;
			buildActionMask = 2147483647;
			dstPath = "";
			dstSubfolderSpec = 10;
			files = (
				BB603BFC1FDF644D00258418 /* EDSDK.framework in Embed Frameworks */,
			);
			name = "Embed Frameworks";
			runOnlyForDeploymentPostprocessing = 0;
		};
/* End PBXCopyFilesBuildPhase section */

/* Begin PBXFileReference section */
		0034FA992AC64C1F003FEA0D /* CameraControl.entitlements */ = {isa = PBXFileReference; lastKnownFileType = text.plist.entitlements; path = CameraControl.entitlements; sourceTree = "<group>"; };
		0220857F1E07B1A5009CDDCF /* RemoteCapture.xib */ = {isa = PBXFileReference; fileEncoding = 4; lastKnownFileType = file.xib; path = RemoteCapture.xib; sourceTree = "<group>"; };
		0241DBF81DD3F4460098EF89 /* EvfAfModePopUp.swift */ = {isa = PBXFileReference; fileEncoding = 4; lastKnownFileType = sourcecode.swift; path = EvfAfModePopUp.swift; sourceTree = "<group>"; };
		0241DBFA1DD413F40098EF89 /* BatteryLevelLabel.swift */ = {isa = PBXFileReference; fileEncoding = 4; lastKnownFileType = sourcecode.swift; path = BatteryLevelLabel.swift; sourceTree = "<group>"; };
		0241DBFC1DD414340098EF89 /* AvailableShotsLabel.swift */ = {isa = PBXFileReference; fileEncoding = 4; lastKnownFileType = sourcecode.swift; path = AvailableShotsLabel.swift; sourceTree = "<group>"; };
		0241DC021DD432760098EF89 /* DriveModePopUp.swift */ = {isa = PBXFileReference; fileEncoding = 4; lastKnownFileType = sourcecode.swift; path = DriveModePopUp.swift; sourceTree = "<group>"; };
		0241DC041DD445450098EF89 /* WhiteBalancePopUp.swift */ = {isa = PBXFileReference; fileEncoding = 4; lastKnownFileType = sourcecode.swift; path = WhiteBalancePopUp.swift; sourceTree = "<group>"; };
		0241DC061DD45FF90098EF89 /* CameraSetting.xib */ = {isa = PBXFileReference; fileEncoding = 4; lastKnownFileType = file.xib; path = CameraSetting.xib; sourceTree = "<group>"; };
		0241DC071DD45FF90098EF89 /* CameraSetting.swift */ = {isa = PBXFileReference; fileEncoding = 4; lastKnownFileType = sourcecode.swift; path = CameraSetting.swift; sourceTree = "<group>"; };
		024358D81DDBE9470033429D /* CloseSessionCommand.swift */ = {isa = PBXFileReference; fileEncoding = 4; lastKnownFileType = sourcecode.swift; path = CloseSessionCommand.swift; sourceTree = "<group>"; };
		024409121DCFF65600EEFFC0 /* CameraControl-Bridging-Header.h */ = {isa = PBXFileReference; fileEncoding = 4; lastKnownFileType = sourcecode.c.h; path = "CameraControl-Bridging-Header.h"; sourceTree = "<group>"; };
		024409151DD0184600EEFFC0 /* DownloadAllFilesCommand.swift */ = {isa = PBXFileReference; fileEncoding = 4; lastKnownFileType = sourcecode.swift; path = DownloadAllFilesCommand.swift; sourceTree = "<group>"; };
		024409171DD01E5B00EEFFC0 /* Progress.swift */ = {isa = PBXFileReference; fileEncoding = 4; lastKnownFileType = sourcecode.swift; path = Progress.swift; sourceTree = "<group>"; };
		024418B91DC96DD50036A98B /* GetPropertyDescCommand.swift */ = {isa = PBXFileReference; fileEncoding = 4; lastKnownFileType = sourcecode.swift; path = GetPropertyDescCommand.swift; sourceTree = "<group>"; };
		02458BA31DC1BF8D000FE573 /* EvfImageView.swift */ = {isa = PBXFileReference; fileEncoding = 4; lastKnownFileType = sourcecode.swift; path = EvfImageView.swift; sourceTree = "<group>"; };
		02474ADB1DD2ED5100D41326 /* SetPropertyCommand.swift */ = {isa = PBXFileReference; fileEncoding = 4; lastKnownFileType = sourcecode.swift; path = SetPropertyCommand.swift; sourceTree = "<group>"; };
		024797421DC82AE20029B226 /* GetPropertyCommand.swift */ = {isa = PBXFileReference; fileEncoding = 4; lastKnownFileType = sourcecode.swift; path = GetPropertyCommand.swift; sourceTree = "<group>"; };
		024797441DC835F90029B226 /* ActionEvent.swift */ = {isa = PBXFileReference; fileEncoding = 4; lastKnownFileType = sourcecode.swift; path = ActionEvent.swift; sourceTree = "<group>"; };
		025047FF1DC2C9E600E9C855 /* StartEvfCommand.swift */ = {isa = PBXFileReference; fileEncoding = 4; lastKnownFileType = sourcecode.swift; path = StartEvfCommand.swift; sourceTree = "<group>"; };
		025048011DC2CA6200E9C855 /* EndEvfCommand.swift */ = {isa = PBXFileReference; fileEncoding = 4; lastKnownFileType = sourcecode.swift; path = EndEvfCommand.swift; sourceTree = "<group>"; };
		025048031DC2D6AC00E9C855 /* DownloadEvfCommand.swift */ = {isa = PBXFileReference; fileEncoding = 4; lastKnownFileType = sourcecode.swift; path = DownloadEvfCommand.swift; sourceTree = "<group>"; };
		025048051DC2DBB800E9C855 /* CameraEvfData.swift */ = {isa = PBXFileReference; fileEncoding = 4; lastKnownFileType = sourcecode.swift; path = CameraEvfData.swift; sourceTree = "<group>"; };
		025048071DC32F4900E9C855 /* PressShutterCommand.swift */ = {isa = PBXFileReference; fileEncoding = 4; lastKnownFileType = sourcecode.swift; path = PressShutterCommand.swift; sourceTree = "<group>"; };
		025048091DC334A800E9C855 /* CameraEvent.swift */ = {isa = PBXFileReference; fileEncoding = 4; lastKnownFileType = sourcecode.swift; path = CameraEvent.swift; sourceTree = "<group>"; };
		0255D74C1DD15291005136A0 /* AvPopUp.swift */ = {isa = PBXFileReference; fileEncoding = 4; lastKnownFileType = sourcecode.swift; path = AvPopUp.swift; sourceTree = "<group>"; };
		0255D74E1DD155FF005136A0 /* IsoPopUp.swift */ = {isa = PBXFileReference; fileEncoding = 4; lastKnownFileType = sourcecode.swift; path = IsoPopUp.swift; sourceTree = "<group>"; };
		0255D7501DD158B6005136A0 /* MeteringPopUp.swift */ = {isa = PBXFileReference; fileEncoding = 4; lastKnownFileType = sourcecode.swift; path = MeteringPopUp.swift; sourceTree = "<group>"; };
		0255D7521DD15A8F005136A0 /* ExposureCompPopUp.swift */ = {isa = PBXFileReference; fileEncoding = 4; lastKnownFileType = sourcecode.swift; path = ExposureCompPopUp.swift; sourceTree = "<group>"; };
		0255D7541DD15C5D005136A0 /* ImageQualityPopUp.swift */ = {isa = PBXFileReference; fileEncoding = 4; lastKnownFileType = sourcecode.swift; path = ImageQualityPopUp.swift; sourceTree = "<group>"; };
		025BFFEF1DCC4E01001E533A /* AeModePopUp.swift */ = {isa = PBXFileReference; fileEncoding = 4; lastKnownFileType = sourcecode.swift; path = AeModePopUp.swift; sourceTree = "<group>"; };
		025BFFF11DCC4EC0001E533A /* PropertyPopUp.swift */ = {isa = PBXFileReference; fileEncoding = 4; lastKnownFileType = sourcecode.swift; path = PropertyPopUp.swift; sourceTree = "<group>"; };
		025BFFF31DCC5A43001E533A /* DownloadCommand.swift */ = {isa = PBXFileReference; fileEncoding = 4; lastKnownFileType = sourcecode.swift; path = DownloadCommand.swift; sourceTree = "<group>"; };
		027594601DD05EB30013B968 /* TvPopUp.swift */ = {isa = PBXFileReference; fileEncoding = 4; lastKnownFileType = sourcecode.swift; path = TvPopUp.swift; sourceTree = "<group>"; };
		027D8F881DF4FAF900341B21 /* ZoomSlider.swift */ = {isa = PBXFileReference; fileEncoding = 4; lastKnownFileType = sourcecode.swift; path = ZoomSlider.swift; sourceTree = "<group>"; };
		02963FDA1E08C799003BF7BA /* ActionSource.swift */ = {isa = PBXFileReference; fileEncoding = 4; lastKnownFileType = sourcecode.swift; path = ActionSource.swift; sourceTree = "<group>"; };
		02963FDC1E090050003BF7BA /* ActionListener.swift */ = {isa = PBXFileReference; fileEncoding = 4; lastKnownFileType = sourcecode.swift; path = ActionListener.swift; sourceTree = "<group>"; };
		02963FDE1E0905CF003BF7BA /* ActionButton.swift */ = {isa = PBXFileReference; fileEncoding = 4; lastKnownFileType = sourcecode.swift; path = ActionButton.swift; sourceTree = "<group>"; };
		02B6398C1E022DAA00E14F25 /* DriveLensEvfCommand.swift */ = {isa = PBXFileReference; fileEncoding = 4; lastKnownFileType = sourcecode.swift; path = DriveLensEvfCommand.swift; sourceTree = "<group>"; };
		02D7E9F01E0A69E300D040C9 /* InfoLabel.swift */ = {isa = PBXFileReference; fileEncoding = 4; lastKnownFileType = sourcecode.swift; path = InfoLabel.swift; sourceTree = "<group>"; };
		02DA42AC1DF8E61500F1C491 /* FlashModePopUp.swift */ = {isa = PBXFileReference; fileEncoding = 4; lastKnownFileType = sourcecode.swift; path = FlashModePopUp.swift; sourceTree = "<group>"; };
		02E8A7A71DED345700A68AAC /* MainWindow.xib */ = {isa = PBXFileReference; fileEncoding = 4; lastKnownFileType = file.xib; path = MainWindow.xib; sourceTree = "<group>"; };
		02E8A7A91DED34D300A68AAC /* MainWindow.swift */ = {isa = PBXFileReference; fileEncoding = 4; lastKnownFileType = sourcecode.swift; path = MainWindow.swift; sourceTree = "<group>"; };
		0C4AF06D1F4D450800CD56DF /* DoEvfAFCommand.swift */ = {isa = PBXFileReference; fileEncoding = 4; lastKnownFileType = sourcecode.swift; path = DoEvfAFCommand.swift; sourceTree = "<group>"; };
		8D141BA41DB62847008489DF /* CameraControl.app */ = {isa = PBXFileReference; explicitFileType = wrapper.application; includeInIndex = 0; path = CameraControl.app; sourceTree = BUILT_PRODUCTS_DIR; };
		8D141BA71DB62847008489DF /* AppDelegate.swift */ = {isa = PBXFileReference; lastKnownFileType = sourcecode.swift; path = AppDelegate.swift; sourceTree = "<group>"; };
		8D141BA91DB62847008489DF /* Assets.xcassets */ = {isa = PBXFileReference; lastKnownFileType = folder.assetcatalog; path = Assets.xcassets; sourceTree = "<group>"; };
		8D141BAC1DB62847008489DF /* Base */ = {isa = PBXFileReference; lastKnownFileType = file.xib; name = Base; path = Base.lproj/MainMenu.xib; sourceTree = "<group>"; };
		8D141BAE1DB62848008489DF /* Info.plist */ = {isa = PBXFileReference; lastKnownFileType = text.plist.xml; path = Info.plist; sourceTree = "<group>"; };
		8D141BBB1DB63074008489DF /* CameraEventListener.swift */ = {isa = PBXFileReference; fileEncoding = 4; lastKnownFileType = sourcecode.swift; path = CameraEventListener.swift; sourceTree = "<group>"; };
		8D2061B91DB9D82F00C267BB /* CommandProcessor.swift */ = {isa = PBXFileReference; fileEncoding = 4; lastKnownFileType = sourcecode.swift; path = CommandProcessor.swift; sourceTree = "<group>"; };
		8D2061BB1DB9DF9900C267BB /* Command.swift */ = {isa = PBXFileReference; fileEncoding = 4; lastKnownFileType = sourcecode.swift; path = Command.swift; sourceTree = "<group>"; };
		8D2061BD1DB9DFE600C267BB /* OpenSessionCommand.swift */ = {isa = PBXFileReference; fileEncoding = 4; lastKnownFileType = sourcecode.swift; path = OpenSessionCommand.swift; sourceTree = "<group>"; };
		8D2061BF1DB9E17600C267BB /* CameraModel.swift */ = {isa = PBXFileReference; fileEncoding = 4; lastKnownFileType = sourcecode.swift; path = CameraModel.swift; sourceTree = "<group>"; };
		8D2061C11DB9E7A100C267BB /* CameraController.swift */ = {isa = PBXFileReference; fileEncoding = 4; lastKnownFileType = sourcecode.swift; path = CameraController.swift; sourceTree = "<group>"; };
		8D2061C31DBA271B00C267BB /* TakePictureCommand.swift */ = {isa = PBXFileReference; fileEncoding = 4; lastKnownFileType = sourcecode.swift; path = TakePictureCommand.swift; sourceTree = "<group>"; };
		8D40BA7E1DC9DE6000284FA0 /* Progress.xib */ = {isa = PBXFileReference; fileEncoding = 4; lastKnownFileType = file.xib; path = Progress.xib; sourceTree = "<group>"; };
		8D7F44951E446140003BCEC3 /* FormatVolumeCommand.swift */ = {isa = PBXFileReference; fileEncoding = 4; lastKnownFileType = sourcecode.swift; path = FormatVolumeCommand.swift; sourceTree = "<group>"; };
		8D8AE7721DE81EE3002AE0A8 /* DeleteAllFilesCommand.swift */ = {isa = PBXFileReference; fileEncoding = 4; lastKnownFileType = sourcecode.swift; path = DeleteAllFilesCommand.swift; sourceTree = "<group>"; };
		8DBF9F731DBEFBEE0008E4E2 /* RemoteCapture.swift */ = {isa = PBXFileReference; fileEncoding = 4; lastKnownFileType = sourcecode.swift; path = RemoteCapture.swift; sourceTree = "<group>"; };
		8DFFAAF21E2EFCC900022258 /* FileCounterCommand.swift */ = {isa = PBXFileReference; fileEncoding = 4; lastKnownFileType = sourcecode.swift; path = FileCounterCommand.swift; sourceTree = "<group>"; };
		AD51130C257998050017FB68 /* AspectPopUp.swift */ = {isa = PBXFileReference; lastKnownFileType = sourcecode.swift; path = AspectPopUp.swift; sourceTree = "<group>"; };
		ADAB3D2E25B0ECE60006E82F /* ClickAFCommand.swift */ = {isa = PBXFileReference; lastKnownFileType = sourcecode.swift; path = ClickAFCommand.swift; sourceTree = "<group>"; };
		ADFB66E7254BC9F30036AE36 /* PictureStylePopUp.swift */ = {isa = PBXFileReference; lastKnownFileType = sourcecode.swift; path = PictureStylePopUp.swift; sourceTree = "<group>"; };
		BB2B4479210EED30001274F9 /* AfModePopUp.swift */ = {isa = PBXFileReference; fileEncoding = 4; lastKnownFileType = sourcecode.swift; path = AfModePopUp.swift; sourceTree = "<group>"; };
		BB603BFA1FDF644D00258418 /* EDSDK.framework */ = {isa = PBXFileReference; lastKnownFileType = wrapper.framework; name = EDSDK.framework; path = ../../../EDSDK/Framework/EDSDK.framework; sourceTree = "<group>"; };
		BB710FD120F4425100C8B548 /* SetRemoteShootingCommand.swift */ = {isa = PBXFileReference; fileEncoding = 4; lastKnownFileType = sourcecode.swift; path = SetRemoteShootingCommand.swift; sourceTree = "<group>"; };
		BBA9C5FB20CE1429003CD910 /* ProgressBar.swift */ = {isa = PBXFileReference; fileEncoding = 4; lastKnownFileType = sourcecode.swift; path = ProgressBar.swift; sourceTree = "<group>"; };
		BBA9C5FD20CE1789003CD910 /* DownloadProgressBar.swift */ = {isa = PBXFileReference; fileEncoding = 4; lastKnownFileType = sourcecode.swift; path = DownloadProgressBar.swift; sourceTree = "<group>"; };
		D59E124627312A9A0044B387 /* RemoteCapture.xib */ = {isa = PBXFileReference; fileEncoding = 4; lastKnownFileType = file.xib; path = RemoteCapture.xib; sourceTree = "<group>"; };
		D59E124827312B550044B387 /* RemoteCapture.xib */ = {isa = PBXFileReference; fileEncoding = 4; lastKnownFileType = file.xib; path = RemoteCapture.xib; sourceTree = "<group>"; };
		D5DC9FCE27437AAE00567B1E /* MovieHFRPopUp.swift */ = {isa = PBXFileReference; fileEncoding = 4; lastKnownFileType = sourcecode.swift; name = MovieHFRPopUp.swift; path = CameraControl/MovieHFRPopUp.swift; sourceTree = "<group>"; };
		E1283DB42357025A003634C5 /* SwitchMirrorUpCommand.swift */ = {isa = PBXFileReference; lastKnownFileType = sourcecode.swift; path = SwitchMirrorUpCommand.swift; sourceTree = "<group>"; };
		E12CED18234EBF370035078B /* MovieQualityPopUp.swift */ = {isa = PBXFileReference; lastKnownFileType = sourcecode.swift; path = MovieQualityPopUp.swift; sourceTree = "<group>"; };
		E12CED1A234F03620035078B /* ClickWBCommand.swift */ = {isa = PBXFileReference; lastKnownFileType = sourcecode.swift; path = ClickWBCommand.swift; sourceTree = "<group>"; };
		E12DC1E1234C6F2C00370902 /* ActionRadioButton.swift */ = {isa = PBXFileReference; lastKnownFileType = sourcecode.swift; path = ActionRadioButton.swift; sourceTree = "<group>"; };
		E12DC1E3234C812100370902 /* SwitchStillMovieCommand.swift */ = {isa = PBXFileReference; lastKnownFileType = sourcecode.swift; path = SwitchStillMovieCommand.swift; sourceTree = "<group>"; };
		E12DC1E5234C81D300370902 /* SetRecCommand.swift */ = {isa = PBXFileReference; lastKnownFileType = sourcecode.swift; path = SetRecCommand.swift; sourceTree = "<group>"; };
		E12EB7A8235833DE009165A0 /* DateTimeZoneSetting.xib */ = {isa = PBXFileReference; lastKnownFileType = file.xib; path = DateTimeZoneSetting.xib; sourceTree = "<group>"; };
		E12EB7AA2358342C009165A0 /* DateTimeZoneSetting.swift */ = {isa = PBXFileReference; lastKnownFileType = sourcecode.swift; path = DateTimeZoneSetting.swift; sourceTree = "<group>"; };
		E1335428234AC98400C4C480 /* TempStatusLabel.swift */ = {isa = PBXFileReference; lastKnownFileType = sourcecode.swift; path = TempStatusLabel.swift; sourceTree = "<group>"; };
		E133542A234AF4F300C4C480 /* SetRollPitchCommand.swift */ = {isa = PBXFileReference; lastKnownFileType = sourcecode.swift; path = SetRollPitchCommand.swift; sourceTree = "<group>"; };
		E88874112716D2E400E8E892 /* CameraControl */ = {isa = PBXFileReference; lastKnownFileType = folder; path = CameraControl; sourceTree = "<group>"; };
		E88874152716D40500E8E892 /* RecordFuncCardSetting.swift */ = {isa = PBXFileReference; lastKnownFileType = sourcecode.swift; path = RecordFuncCardSetting.swift; sourceTree = "<group>"; };
		E88874192716E7AF00E8E892 /* RecordFuncCardSetting.xib */ = {isa = PBXFileReference; lastKnownFileType = file.xib; path = RecordFuncCardSetting.xib; sourceTree = "<group>"; };
/* End PBXFileReference section */

/* Begin PBXFrameworksBuildPhase section */
		8D141BA11DB62847008489DF /* Frameworks */ = {
			isa = PBXFrameworksBuildPhase;
			buildActionMask = 2147483647;
			files = (
				BB603BFB1FDF644D00258418 /* EDSDK.framework in Frameworks */,
			);
			runOnlyForDeploymentPostprocessing = 0;
		};
/* End PBXFrameworksBuildPhase section */

/* Begin PBXGroup section */
		02963FD91E08C25F003BF7BA /* Property */ = {
			isa = PBXGroup;
			children = (
				02458BA31DC1BF8D000FE573 /* EvfImageView.swift */,
				027D8F881DF4FAF900341B21 /* ZoomSlider.swift */,
				02DA42AC1DF8E61500F1C491 /* FlashModePopUp.swift */,
				0241DC021DD432760098EF89 /* DriveModePopUp.swift */,
				0241DC041DD445450098EF89 /* WhiteBalancePopUp.swift */,
				027594601DD05EB30013B968 /* TvPopUp.swift */,
				0255D74C1DD15291005136A0 /* AvPopUp.swift */,
				0255D74E1DD155FF005136A0 /* IsoPopUp.swift */,
				0255D7501DD158B6005136A0 /* MeteringPopUp.swift */,
				0255D7521DD15A8F005136A0 /* ExposureCompPopUp.swift */,
				0255D7541DD15C5D005136A0 /* ImageQualityPopUp.swift */,
				0241DBF81DD3F4460098EF89 /* EvfAfModePopUp.swift */,
				0241DBFA1DD413F40098EF89 /* BatteryLevelLabel.swift */,
				0241DBFC1DD414340098EF89 /* AvailableShotsLabel.swift */,
				025BFFEF1DCC4E01001E533A /* AeModePopUp.swift */,
				02D7E9F01E0A69E300D040C9 /* InfoLabel.swift */,
				02963FDE1E0905CF003BF7BA /* ActionButton.swift */,
				025BFFF11DCC4EC0001E533A /* PropertyPopUp.swift */,
				02963FDC1E090050003BF7BA /* ActionListener.swift */,
				02963FDA1E08C799003BF7BA /* ActionSource.swift */,
				BBA9C5FB20CE1429003CD910 /* ProgressBar.swift */,
				BBA9C5FD20CE1789003CD910 /* DownloadProgressBar.swift */,
				BB2B4479210EED30001274F9 /* AfModePopUp.swift */,
				E1335428234AC98400C4C480 /* TempStatusLabel.swift */,
				E12DC1E1234C6F2C00370902 /* ActionRadioButton.swift */,
				E12CED18234EBF370035078B /* MovieQualityPopUp.swift */,
				ADFB66E7254BC9F30036AE36 /* PictureStylePopUp.swift */,
				AD51130C257998050017FB68 /* AspectPopUp.swift */,
			);
			name = Property;
			sourceTree = "<group>";
		};
		8D141B9B1DB62847008489DF = {
			isa = PBXGroup;
			children = (
				D5DC9FCE27437AAE00567B1E /* MovieHFRPopUp.swift */,
				E88874112716D2E400E8E892 /* CameraControl */,
				BB603BFA1FDF644D00258418 /* EDSDK.framework */,
				8D141BA61DB62847008489DF /* CameraControl */,
				8D141BA51DB62847008489DF /* Products */,
			);
			sourceTree = "<group>";
		};
		8D141BA51DB62847008489DF /* Products */ = {
			isa = PBXGroup;
			children = (
				8D141BA41DB62847008489DF /* CameraControl.app */,
			);
			name = Products;
			sourceTree = "<group>";
		};
		8D141BA61DB62847008489DF /* CameraControl */ = {
			isa = PBXGroup;
			children = (
				0034FA992AC64C1F003FEA0D /* CameraControl.entitlements */,
				02963FD91E08C25F003BF7BA /* Property */,
				0220857F1E07B1A5009CDDCF /* RemoteCapture.xib */,
				D59E124627312A9A0044B387 /* RemoteCapture.xib */,
				D59E124827312B550044B387 /* RemoteCapture.xib */,
				8DBF9F731DBEFBEE0008E4E2 /* RemoteCapture.swift */,
				8D2061C11DB9E7A100C267BB /* CameraController.swift */,
				0241DC061DD45FF90098EF89 /* CameraSetting.xib */,
				0241DC071DD45FF90098EF89 /* CameraSetting.swift */,
				8D617B1F1DD2E0E5002D3661 /* Command */,
				024409171DD01E5B00EEFFC0 /* Progress.swift */,
				024409121DCFF65600EEFFC0 /* CameraControl-Bridging-Header.h */,
				025048091DC334A800E9C855 /* CameraEvent.swift */,
				8D141BA71DB62847008489DF /* AppDelegate.swift */,
				8D141BA91DB62847008489DF /* Assets.xcassets */,
				8D141BAB1DB62847008489DF /* MainMenu.xib */,
				8D141BAE1DB62848008489DF /* Info.plist */,
				8D141BBB1DB63074008489DF /* CameraEventListener.swift */,
				8D2061BF1DB9E17600C267BB /* CameraModel.swift */,
				025048051DC2DBB800E9C855 /* CameraEvfData.swift */,
				024797441DC835F90029B226 /* ActionEvent.swift */,
				8D40BA7E1DC9DE6000284FA0 /* Progress.xib */,
				02E8A7A71DED345700A68AAC /* MainWindow.xib */,
				02E8A7A91DED34D300A68AAC /* MainWindow.swift */,
				E12EB7A8235833DE009165A0 /* DateTimeZoneSetting.xib */,
				E12EB7AA2358342C009165A0 /* DateTimeZoneSetting.swift */,
				E88874152716D40500E8E892 /* RecordFuncCardSetting.swift */,
				E88874192716E7AF00E8E892 /* RecordFuncCardSetting.xib */,
			);
			path = CameraControl;
			sourceTree = "<group>";
		};
		8D617B1F1DD2E0E5002D3661 /* Command */ = {
			isa = PBXGroup;
			children = (
				BB710FD120F4425100C8B548 /* SetRemoteShootingCommand.swift */,
				8D7F44951E446140003BCEC3 /* FormatVolumeCommand.swift */,
				8D2061B91DB9D82F00C267BB /* CommandProcessor.swift */,
				8D2061BB1DB9DF9900C267BB /* Command.swift */,
				8D2061BD1DB9DFE600C267BB /* OpenSessionCommand.swift */,
				025048071DC32F4900E9C855 /* PressShutterCommand.swift */,
				025047FF1DC2C9E600E9C855 /* StartEvfCommand.swift */,
				025048011DC2CA6200E9C855 /* EndEvfCommand.swift */,
				025048031DC2D6AC00E9C855 /* DownloadEvfCommand.swift */,
				025BFFF31DCC5A43001E533A /* DownloadCommand.swift */,
				024797421DC82AE20029B226 /* GetPropertyCommand.swift */,
				024418B91DC96DD50036A98B /* GetPropertyDescCommand.swift */,
				024409151DD0184600EEFFC0 /* DownloadAllFilesCommand.swift */,
				8D2061C31DBA271B00C267BB /* TakePictureCommand.swift */,
				02474ADB1DD2ED5100D41326 /* SetPropertyCommand.swift */,
				024358D81DDBE9470033429D /* CloseSessionCommand.swift */,
				8D8AE7721DE81EE3002AE0A8 /* DeleteAllFilesCommand.swift */,
				02B6398C1E022DAA00E14F25 /* DriveLensEvfCommand.swift */,
				8DFFAAF21E2EFCC900022258 /* FileCounterCommand.swift */,
				0C4AF06D1F4D450800CD56DF /* DoEvfAFCommand.swift */,
				E133542A234AF4F300C4C480 /* SetRollPitchCommand.swift */,
				E12DC1E3234C812100370902 /* SwitchStillMovieCommand.swift */,
				E12DC1E5234C81D300370902 /* SetRecCommand.swift */,
				E12CED1A234F03620035078B /* ClickWBCommand.swift */,
				E1283DB42357025A003634C5 /* SwitchMirrorUpCommand.swift */,
				ADAB3D2E25B0ECE60006E82F /* ClickAFCommand.swift */,
			);
			name = Command;
			sourceTree = "<group>";
		};
/* End PBXGroup section */

/* Begin PBXNativeTarget section */
		8D141BA31DB62847008489DF /* CameraControl */ = {
			isa = PBXNativeTarget;
			buildConfigurationList = 8D141BB11DB62848008489DF /* Build configuration list for PBXNativeTarget "CameraControl" */;
			buildPhases = (
				8D141BA01DB62847008489DF /* Sources */,
				8D141BA11DB62847008489DF /* Frameworks */,
				8D141BA21DB62847008489DF /* Resources */,
				8D5325AB1E30780B00B641C9 /* Embed Frameworks */,
			);
			buildRules = (
			);
			dependencies = (
			);
			name = CameraControl;
			productName = CameraControl;
			productReference = 8D141BA41DB62847008489DF /* CameraControl.app */;
			productType = "com.apple.product-type.application";
		};
/* End PBXNativeTarget section */

/* Begin PBXProject section */
		8D141B9C1DB62847008489DF /* Project object */ = {
			isa = PBXProject;
			attributes = {
				LastSwiftUpdateCheck = 0730;
				LastUpgradeCheck = 1200;
				TargetAttributes = {
					8D141BA31DB62847008489DF = {
						CreatedOnToolsVersion = 7.3.1;
						LastSwiftMigration = 1020;
						ProvisioningStyle = Automatic;
					};
				};
			};
			buildConfigurationList = 8D141B9F1DB62847008489DF /* Build configuration list for PBXProject "CameraControl" */;
			compatibilityVersion = "Xcode 3.2";
			developmentRegion = en;
			hasScannedForEncodings = 0;
			knownRegions = (
				en,
				Base,
			);
			mainGroup = 8D141B9B1DB62847008489DF;
			productRefGroup = 8D141BA51DB62847008489DF /* Products */;
			projectDirPath = "";
			projectRoot = "";
			targets = (
				8D141BA31DB62847008489DF /* CameraControl */,
			);
		};
/* End PBXProject section */

/* Begin PBXResourcesBuildPhase section */
		8D141BA21DB62847008489DF /* Resources */ = {
			isa = PBXResourcesBuildPhase;
			buildActionMask = 2147483647;
			files = (
				E12EB7A9235833DE009165A0 /* DateTimeZoneSetting.xib in Resources */,
				02E8A7A81DED345700A68AAC /* MainWindow.xib in Resources */,
				022085801E07B1A5009CDDCF /* RemoteCapture.xib in Resources */,
				0241DC081DD45FF90098EF89 /* CameraSetting.xib in Resources */,
				8D141BAA1DB62847008489DF /* Assets.xcassets in Resources */,
				8D40BA7F1DC9DE6000284FA0 /* Progress.xib in Resources */,
				E888741A2716E7AF00E8E892 /* RecordFuncCardSetting.xib in Resources */,
				8D141BAD1DB62847008489DF /* MainMenu.xib in Resources */,
				D59E124727312A9A0044B387 /* RemoteCapture.xib in Resources */,
				D59E124927312B550044B387 /* RemoteCapture.xib in Resources */,
				E88874122716D2E400E8E892 /* CameraControl in Resources */,
			);
			runOnlyForDeploymentPostprocessing = 0;
		};
/* End PBXResourcesBuildPhase section */

/* Begin PBXSourcesBuildPhase section */
		8D141BA01DB62847008489DF /* Sources */ = {
			isa = PBXSourcesBuildPhase;
			buildActionMask = 2147483647;
			files = (
				E133542B234AF4F300C4C480 /* SetRollPitchCommand.swift in Sources */,
				025048041DC2D6AC00E9C855 /* DownloadEvfCommand.swift in Sources */,
				D5DC9FCF27437AAE00567B1E /* MovieHFRPopUp.swift in Sources */,
				02963FDB1E08C799003BF7BA /* ActionSource.swift in Sources */,
				8D2061BA1DB9D82F00C267BB /* CommandProcessor.swift in Sources */,
				024418BA1DC96DD50036A98B /* GetPropertyDescCommand.swift in Sources */,
				E12DC1E4234C812100370902 /* SwitchStillMovieCommand.swift in Sources */,
				024797451DC835F90029B226 /* ActionEvent.swift in Sources */,
				0241DC051DD445450098EF89 /* WhiteBalancePopUp.swift in Sources */,
				BBA9C5FE20CE1789003CD910 /* DownloadProgressBar.swift in Sources */,
				8D141BA81DB62847008489DF /* AppDelegate.swift in Sources */,
				025BFFF41DCC5A43001E533A /* DownloadCommand.swift in Sources */,
				8D2061C41DBA271B00C267BB /* TakePictureCommand.swift in Sources */,
				024409181DD01E5B00EEFFC0 /* Progress.swift in Sources */,
				ADAB3D2F25B0ECE60006E82F /* ClickAFCommand.swift in Sources */,
				BBA9C5FC20CE1429003CD910 /* ProgressBar.swift in Sources */,
				024409161DD0184600EEFFC0 /* DownloadAllFilesCommand.swift in Sources */,
				E1335429234AC98400C4C480 /* TempStatusLabel.swift in Sources */,
				E12DC1E6234C81D300370902 /* SetRecCommand.swift in Sources */,
				E12EB7AB2358342C009165A0 /* DateTimeZoneSetting.swift in Sources */,
				02458BA41DC1BF8D000FE573 /* EvfImageView.swift in Sources */,
				ADFB66E8254BC9F30036AE36 /* PictureStylePopUp.swift in Sources */,
				02963FDF1E0905CF003BF7BA /* ActionButton.swift in Sources */,
				024797431DC82AE20029B226 /* GetPropertyCommand.swift in Sources */,
				024358D91DDBE9470033429D /* CloseSessionCommand.swift in Sources */,
				8D2061BE1DB9DFE600C267BB /* OpenSessionCommand.swift in Sources */,
				025048021DC2CA6200E9C855 /* EndEvfCommand.swift in Sources */,
				0255D74F1DD155FF005136A0 /* IsoPopUp.swift in Sources */,
				0241DC091DD45FF90098EF89 /* CameraSetting.swift in Sources */,
				02B6398D1E022DAA00E14F25 /* DriveLensEvfCommand.swift in Sources */,
				8D8AE7731DE81EE3002AE0A8 /* DeleteAllFilesCommand.swift in Sources */,
				E1283DB52357025A003634C5 /* SwitchMirrorUpCommand.swift in Sources */,
				0250480A1DC334A800E9C855 /* CameraEvent.swift in Sources */,
				8D2061BC1DB9DF9900C267BB /* Command.swift in Sources */,
				0255D7511DD158B6005136A0 /* MeteringPopUp.swift in Sources */,
				0255D7551DD15C5D005136A0 /* ImageQualityPopUp.swift in Sources */,
				E88874162716D40500E8E892 /* RecordFuncCardSetting.swift in Sources */,
				02963FDD1E090050003BF7BA /* ActionListener.swift in Sources */,
				027D8F891DF4FAF900341B21 /* ZoomSlider.swift in Sources */,
				02474ADC1DD2ED5100D41326 /* SetPropertyCommand.swift in Sources */,
				8D141BBC1DB63074008489DF /* CameraEventListener.swift in Sources */,
				8D2061C21DB9E7A100C267BB /* CameraController.swift in Sources */,
				8DFFAAF31E2EFCC900022258 /* FileCounterCommand.swift in Sources */,
				025048001DC2C9E600E9C855 /* StartEvfCommand.swift in Sources */,
				0255D74D1DD15291005136A0 /* AvPopUp.swift in Sources */,
				025BFFF21DCC4EC0001E533A /* PropertyPopUp.swift in Sources */,
				02D7E9F11E0A69E300D040C9 /* InfoLabel.swift in Sources */,
				0241DBFB1DD413F40098EF89 /* BatteryLevelLabel.swift in Sources */,
				8D2061C01DB9E17600C267BB /* CameraModel.swift in Sources */,
				0255D7531DD15A8F005136A0 /* ExposureCompPopUp.swift in Sources */,
				025048061DC2DBB800E9C855 /* CameraEvfData.swift in Sources */,
				0241DBFD1DD414340098EF89 /* AvailableShotsLabel.swift in Sources */,
				BB710FD220F4425100C8B548 /* SetRemoteShootingCommand.swift in Sources */,
				02DA42AD1DF8E61500F1C491 /* FlashModePopUp.swift in Sources */,
				025BFFF01DCC4E01001E533A /* AeModePopUp.swift in Sources */,
				E12CED1B234F03620035078B /* ClickWBCommand.swift in Sources */,
				E12DC1E2234C6F2C00370902 /* ActionRadioButton.swift in Sources */,
				0C4AF06E1F4D450800CD56DF /* DoEvfAFCommand.swift in Sources */,
				BB2B447A210EED30001274F9 /* AfModePopUp.swift in Sources */,
				025048081DC32F4900E9C855 /* PressShutterCommand.swift in Sources */,
				AD51130D257998050017FB68 /* AspectPopUp.swift in Sources */,
				02E8A7AA1DED34D300A68AAC /* MainWindow.swift in Sources */,
				027594611DD05EB30013B968 /* TvPopUp.swift in Sources */,
				8D7F44961E446140003BCEC3 /* FormatVolumeCommand.swift in Sources */,
				0241DC031DD432760098EF89 /* DriveModePopUp.swift in Sources */,
				0241DBF91DD3F4460098EF89 /* EvfAfModePopUp.swift in Sources */,
				8DBF9F741DBEFBEE0008E4E2 /* RemoteCapture.swift in Sources */,
				E12CED19234EBF370035078B /* MovieQualityPopUp.swift in Sources */,
			);
			runOnlyForDeploymentPostprocessing = 0;
		};
/* End PBXSourcesBuildPhase section */

/* Begin PBXVariantGroup section */
		8D141BAB1DB62847008489DF /* MainMenu.xib */ = {
			isa = PBXVariantGroup;
			children = (
				8D141BAC1DB62847008489DF /* Base */,
			);
			name = MainMenu.xib;
			sourceTree = "<group>";
		};
/* End PBXVariantGroup section */

/* Begin XCBuildConfiguration section */
		8D141BAF1DB62848008489DF /* Debug */ = {
			isa = XCBuildConfiguration;
			buildSettings = {
				ALWAYS_SEARCH_USER_PATHS = NO;
				CLANG_ANALYZER_NONNULL = YES;
				CLANG_CXX_LANGUAGE_STANDARD = "gnu++0x";
				CLANG_CXX_LIBRARY = "libc++";
				CLANG_ENABLE_MODULES = YES;
				CLANG_ENABLE_OBJC_ARC = YES;
				CLANG_WARN_BLOCK_CAPTURE_AUTORELEASING = YES;
				CLANG_WARN_BOOL_CONVERSION = YES;
				CLANG_WARN_COMMA = YES;
				CLANG_WARN_CONSTANT_CONVERSION = YES;
				CLANG_WARN_DEPRECATED_OBJC_IMPLEMENTATIONS = YES;
				CLANG_WARN_DIRECT_OBJC_ISA_USAGE = YES_ERROR;
				CLANG_WARN_EMPTY_BODY = YES;
				CLANG_WARN_ENUM_CONVERSION = YES;
				CLANG_WARN_INFINITE_RECURSION = YES;
				CLANG_WARN_INT_CONVERSION = YES;
				CLANG_WARN_NON_LITERAL_NULL_CONVERSION = YES;
				CLANG_WARN_OBJC_IMPLICIT_RETAIN_SELF = YES;
				CLANG_WARN_OBJC_LITERAL_CONVERSION = YES;
				CLANG_WARN_OBJC_ROOT_CLASS = YES_ERROR;
				CLANG_WARN_QUOTED_INCLUDE_IN_FRAMEWORK_HEADER = YES;
				CLANG_WARN_RANGE_LOOP_ANALYSIS = YES;
				CLANG_WARN_STRICT_PROTOTYPES = YES;
				CLANG_WARN_SUSPICIOUS_MOVE = YES;
				CLANG_WARN_UNREACHABLE_CODE = YES;
				CLANG_WARN__DUPLICATE_METHOD_MATCH = YES;
				CODE_SIGN_IDENTITY = "-";
				COPY_PHASE_STRIP = NO;
				DEBUG_INFORMATION_FORMAT = dwarf;
				ENABLE_STRICT_OBJC_MSGSEND = YES;
				ENABLE_TESTABILITY = YES;
				GCC_C_LANGUAGE_STANDARD = gnu99;
				GCC_DYNAMIC_NO_PIC = NO;
				GCC_NO_COMMON_BLOCKS = YES;
				GCC_OPTIMIZATION_LEVEL = 0;
				GCC_PREPROCESSOR_DEFINITIONS = (
					"DEBUG=1",
					"$(inherited)",
				);
				GCC_WARN_64_TO_32_BIT_CONVERSION = YES;
				GCC_WARN_ABOUT_RETURN_TYPE = YES_ERROR;
				GCC_WARN_UNDECLARED_SELECTOR = YES;
				GCC_WARN_UNINITIALIZED_AUTOS = YES_AGGRESSIVE;
				GCC_WARN_UNUSED_FUNCTION = YES;
				GCC_WARN_UNUSED_VARIABLE = YES;
				MACOSX_DEPLOYMENT_TARGET = 10.14;
				MTL_ENABLE_DEBUG_INFO = YES;
				ONLY_ACTIVE_ARCH = YES;
				SDKROOT = macosx;
				SWIFT_OPTIMIZATION_LEVEL = "-Onone";
				SWIFT_VERSION = 3.0;
			};
			name = Debug;
		};
		8D141BB01DB62848008489DF /* Release */ = {
			isa = XCBuildConfiguration;
			buildSettings = {
				ALWAYS_SEARCH_USER_PATHS = NO;
				CLANG_ANALYZER_NONNULL = YES;
				CLANG_CXX_LANGUAGE_STANDARD = "gnu++0x";
				CLANG_CXX_LIBRARY = "libc++";
				CLANG_ENABLE_MODULES = YES;
				CLANG_ENABLE_OBJC_ARC = YES;
				CLANG_WARN_BLOCK_CAPTURE_AUTORELEASING = YES;
				CLANG_WARN_BOOL_CONVERSION = YES;
				CLANG_WARN_COMMA = YES;
				CLANG_WARN_CONSTANT_CONVERSION = YES;
				CLANG_WARN_DEPRECATED_OBJC_IMPLEMENTATIONS = YES;
				CLANG_WARN_DIRECT_OBJC_ISA_USAGE = YES_ERROR;
				CLANG_WARN_EMPTY_BODY = YES;
				CLANG_WARN_ENUM_CONVERSION = YES;
				CLANG_WARN_INFINITE_RECURSION = YES;
				CLANG_WARN_INT_CONVERSION = YES;
				CLANG_WARN_NON_LITERAL_NULL_CONVERSION = YES;
				CLANG_WARN_OBJC_IMPLICIT_RETAIN_SELF = YES;
				CLANG_WARN_OBJC_LITERAL_CONVERSION = YES;
				CLANG_WARN_OBJC_ROOT_CLASS = YES_ERROR;
				CLANG_WARN_QUOTED_INCLUDE_IN_FRAMEWORK_HEADER = YES;
				CLANG_WARN_RANGE_LOOP_ANALYSIS = YES;
				CLANG_WARN_STRICT_PROTOTYPES = YES;
				CLANG_WARN_SUSPICIOUS_MOVE = YES;
				CLANG_WARN_UNREACHABLE_CODE = YES;
				CLANG_WARN__DUPLICATE_METHOD_MATCH = YES;
				CODE_SIGN_IDENTITY = "-";
				COPY_PHASE_STRIP = NO;
				DEBUG_INFORMATION_FORMAT = "dwarf-with-dsym";
				ENABLE_NS_ASSERTIONS = NO;
				ENABLE_STRICT_OBJC_MSGSEND = YES;
				GCC_C_LANGUAGE_STANDARD = gnu99;
				GCC_NO_COMMON_BLOCKS = YES;
				GCC_WARN_64_TO_32_BIT_CONVERSION = YES;
				GCC_WARN_ABOUT_RETURN_TYPE = YES_ERROR;
				GCC_WARN_UNDECLARED_SELECTOR = YES;
				GCC_WARN_UNINITIALIZED_AUTOS = YES_AGGRESSIVE;
				GCC_WARN_UNUSED_FUNCTION = YES;
				GCC_WARN_UNUSED_VARIABLE = YES;
				MACOSX_DEPLOYMENT_TARGET = 10.14;
				MTL_ENABLE_DEBUG_INFO = NO;
				SDKROOT = macosx;
				SWIFT_OPTIMIZATION_LEVEL = "-Owholemodule";
				SWIFT_VERSION = 3.0;
			};
			name = Release;
		};
		8D141BB21DB62848008489DF /* Debug */ = {
			isa = XCBuildConfiguration;
			buildSettings = {
				ASSETCATALOG_COMPILER_APPICON_NAME = AppIcon;
				CODE_SIGN_ENTITLEMENTS = CameraControl/CameraControl.entitlements;
				CODE_SIGN_IDENTITY = "Apple Development";
				"CODE_SIGN_IDENTITY[sdk=macosx*]" = "-";
				CODE_SIGN_STYLE = Automatic;
				COMBINE_HIDPI_IMAGES = YES;
				DEVELOPMENT_TEAM = "";
				"EXCLUDED_ARCHS[sdk=iphonesimulator*]" = arm64;
				FRAMEWORK_SEARCH_PATHS = ../../../EDSDK/framework;
				HEADER_SEARCH_PATHS = ../../../EDSDK/header;
				INFOPLIST_FILE = CameraControl/Info.plist;
				LD_RUNPATH_SEARCH_PATHS = "$(inherited) @executable_path/../Frameworks";
				MACOSX_DEPLOYMENT_TARGET = 11.0;
				ONLY_ACTIVE_ARCH = NO;
				PRODUCT_BUNDLE_IDENTIFIER = com.canon.CameraControl;
				PRODUCT_NAME = "$(TARGET_NAME)";
				PROVISIONING_PROFILE_SPECIFIER = "";
				SWIFT_OBJC_BRIDGING_HEADER = "CameraControl/CameraControl-Bridging-Header.h";
				SWIFT_VERSION = 5.0;
				USER_HEADER_SEARCH_PATHS = "";
			};
			name = Debug;
		};
		8D141BB31DB62848008489DF /* Release */ = {
			isa = XCBuildConfiguration;
			buildSettings = {
				ASSETCATALOG_COMPILER_APPICON_NAME = AppIcon;
				CODE_SIGN_ENTITLEMENTS = CameraControl/CameraControl.entitlements;
				CODE_SIGN_IDENTITY = "Apple Development";
				"CODE_SIGN_IDENTITY[sdk=macosx*]" = "-";
				CODE_SIGN_STYLE = Automatic;
				COMBINE_HIDPI_IMAGES = YES;
				DEVELOPMENT_TEAM = "";
				"EXCLUDED_ARCHS[sdk=iphonesimulator*]" = arm64;
				FRAMEWORK_SEARCH_PATHS = ../../../EDSDK/framework;
				HEADER_SEARCH_PATHS = ../../../EDSDK/header;
				INFOPLIST_FILE = CameraControl/Info.plist;
				LD_RUNPATH_SEARCH_PATHS = "$(inherited) @executable_path/../Frameworks";
				MACOSX_DEPLOYMENT_TARGET = 11.0;
				MTL_ENABLE_DEBUG_INFO = YES;
				PRODUCT_BUNDLE_IDENTIFIER = com.canon.CameraControl;
				PRODUCT_NAME = "$(TARGET_NAME)";
				PROVISIONING_PROFILE_SPECIFIER = "";
				SWIFT_OBJC_BRIDGING_HEADER = "CameraControl/CameraControl-Bridging-Header.h";
				SWIFT_VERSION = 5.0;
				USER_HEADER_SEARCH_PATHS = "";
			};
			name = Release;
		};
/* End XCBuildConfiguration section */

/* Begin XCConfigurationList section */
		8D141B9F1DB62847008489DF /* Build configuration list for PBXProject "CameraControl" */ = {
			isa = XCConfigurationList;
			buildConfigurations = (
				8D141BAF1DB62848008489DF /* Debug */,
				8D141BB01DB62848008489DF /* Release */,
			);
			defaultConfigurationIsVisible = 0;
			defaultConfigurationName = Release;
		};
		8D141BB11DB62848008489DF /* Build configuration list for PBXNativeTarget "CameraControl" */ = {
			isa = XCConfigurationList;
			buildConfigurations = (
				8D141BB21DB62848008489DF /* Debug */,
				8D141BB31DB62848008489DF /* Release */,
			);
			defaultConfigurationIsVisible = 0;
			defaultConfigurationName = Release;
		};
/* End XCConfigurationList section */
	};
	rootObject = 8D141B9C1DB62847008489DF /* Project object */;
}
